// !$*UTF8*$!
{
	archiveVersion = 1;
	classes = {
	};
	objectVersion = 56;
	objects = {

/* Begin PBXBuildFile section */
		FC0E291E2A4222B6001834D4 /* AppDelegate.swift in Sources */ = {isa = PBXBuildFile; fileRef = FC0E291D2A4222B6001834D4 /* AppDelegate.swift */; };
		FC0E29202A4222B6001834D4 /* SceneDelegate.swift in Sources */ = {isa = PBXBuildFile; fileRef = FC0E291F2A4222B6001834D4 /* SceneDelegate.swift */; };
		FC0E29222A4222B6001834D4 /* LaunchScreenViewController.swift in Sources */ = {isa = PBXBuildFile; fileRef = FC0E29212A4222B6001834D4 /* LaunchScreenViewController.swift */; };
		FC0E29272A4222B7001834D4 /* Assets.xcassets in Resources */ = {isa = PBXBuildFile; fileRef = FC0E29262A4222B7001834D4 /* Assets.xcassets */; };
		FC0E292A2A4222B7001834D4 /* LaunchScreen.storyboard in Resources */ = {isa = PBXBuildFile; fileRef = FC0E29282A4222B7001834D4 /* LaunchScreen.storyboard */; };
		FC0E29362A42CD68001834D4 /* Extensions.swift in Sources */ = {isa = PBXBuildFile; fileRef = FC0E29352A42CD68001834D4 /* Extensions.swift */; };
		FC0E29382A433B14001834D4 /* Label.swift in Sources */ = {isa = PBXBuildFile; fileRef = FC0E29372A433B14001834D4 /* Label.swift */; };
		FC0E293B2A433E5F001834D4 /* CustomImageView.swift in Sources */ = {isa = PBXBuildFile; fileRef = FC0E293A2A433E5F001834D4 /* CustomImageView.swift */; };
		FC0E293D2A4347A7001834D4 /* CustomButton.swift in Sources */ = {isa = PBXBuildFile; fileRef = FC0E293C2A4347A7001834D4 /* CustomButton.swift */; };
		FC0E293F2A44510F001834D4 /* Screen2ViewController.swift in Sources */ = {isa = PBXBuildFile; fileRef = FC0E293E2A44510F001834D4 /* Screen2ViewController.swift */; };
		FC0E29412A4452DD001834D4 /* CustomTextField.swift in Sources */ = {isa = PBXBuildFile; fileRef = FC0E29402A4452DD001834D4 /* CustomTextField.swift */; };
		FC0E29452A445ECB001834D4 /* NumberGenerator.swift in Sources */ = {isa = PBXBuildFile; fileRef = FC0E29442A445ECB001834D4 /* NumberGenerator.swift */; };
		FC0E29472A446C21001834D4 /* Screen4ViewController.swift in Sources */ = {isa = PBXBuildFile; fileRef = FC0E29462A446C21001834D4 /* Screen4ViewController.swift */; };
		FC0E29492A4479ED001834D4 /* Screen5ViewController.swift in Sources */ = {isa = PBXBuildFile; fileRef = FC0E29482A4479ED001834D4 /* Screen5ViewController.swift */; };
		FC0E294B2A447A01001834D4 /* Screen3ViewController.swift in Sources */ = {isa = PBXBuildFile; fileRef = FC0E294A2A447A01001834D4 /* Screen3ViewController.swift */; };
/* End PBXBuildFile section */

/* Begin PBXFileReference section */
		FC0E291A2A4222B6001834D4 /* GuessingNumberGame.app */ = {isa = PBXFileReference; explicitFileType = wrapper.application; includeInIndex = 0; path = GuessingNumberGame.app; sourceTree = BUILT_PRODUCTS_DIR; };
		FC0E291D2A4222B6001834D4 /* AppDelegate.swift */ = {isa = PBXFileReference; lastKnownFileType = sourcecode.swift; path = AppDelegate.swift; sourceTree = "<group>"; };
		FC0E291F2A4222B6001834D4 /* SceneDelegate.swift */ = {isa = PBXFileReference; lastKnownFileType = sourcecode.swift; path = SceneDelegate.swift; sourceTree = "<group>"; };
		FC0E29212A4222B6001834D4 /* LaunchScreenViewController.swift */ = {isa = PBXFileReference; lastKnownFileType = sourcecode.swift; path = LaunchScreenViewController.swift; sourceTree = "<group>"; };
		FC0E29262A4222B7001834D4 /* Assets.xcassets */ = {isa = PBXFileReference; lastKnownFileType = folder.assetcatalog; path = Assets.xcassets; sourceTree = "<group>"; };
		FC0E29292A4222B7001834D4 /* Base */ = {isa = PBXFileReference; lastKnownFileType = file.storyboard; name = Base; path = Base.lproj/LaunchScreen.storyboard; sourceTree = "<group>"; };
		FC0E292B2A4222B7001834D4 /* Info.plist */ = {isa = PBXFileReference; lastKnownFileType = text.plist.xml; path = Info.plist; sourceTree = "<group>"; };
		FC0E29352A42CD68001834D4 /* Extensions.swift */ = {isa = PBXFileReference; fileEncoding = 4; lastKnownFileType = sourcecode.swift; path = Extensions.swift; sourceTree = "<group>"; };
		FC0E29372A433B14001834D4 /* Label.swift */ = {isa = PBXFileReference; fileEncoding = 4; lastKnownFileType = sourcecode.swift; path = Label.swift; sourceTree = "<group>"; };
		FC0E293A2A433E5F001834D4 /* CustomImageView.swift */ = {isa = PBXFileReference; lastKnownFileType = sourcecode.swift; path = CustomImageView.swift; sourceTree = "<group>"; };
		FC0E293C2A4347A7001834D4 /* CustomButton.swift */ = {isa = PBXFileReference; lastKnownFileType = sourcecode.swift; path = CustomButton.swift; sourceTree = "<group>"; };
		FC0E293E2A44510F001834D4 /* Screen2ViewController.swift */ = {isa = PBXFileReference; lastKnownFileType = sourcecode.swift; path = Screen2ViewController.swift; sourceTree = "<group>"; };
		FC0E29402A4452DD001834D4 /* CustomTextField.swift */ = {isa = PBXFileReference; lastKnownFileType = sourcecode.swift; path = CustomTextField.swift; sourceTree = "<group>"; };
		FC0E29442A445ECB001834D4 /* NumberGenerator.swift */ = {isa = PBXFileReference; lastKnownFileType = sourcecode.swift; path = NumberGenerator.swift; sourceTree = "<group>"; };
		FC0E29462A446C21001834D4 /* Screen4ViewController.swift */ = {isa = PBXFileReference; lastKnownFileType = sourcecode.swift; path = Screen4ViewController.swift; sourceTree = "<group>"; };
		FC0E29482A4479ED001834D4 /* Screen5ViewController.swift */ = {isa = PBXFileReference; lastKnownFileType = sourcecode.swift; path = Screen5ViewController.swift; sourceTree = "<group>"; };
		FC0E294A2A447A01001834D4 /* Screen3ViewController.swift */ = {isa = PBXFileReference; lastKnownFileType = sourcecode.swift; path = Screen3ViewController.swift; sourceTree = "<group>"; };
/* End PBXFileReference section */

/* Begin PBXFrameworksBuildPhase section */
		FC0E29172A4222B6001834D4 /* Frameworks */ = {
			isa = PBXFrameworksBuildPhase;
			buildActionMask = 2147483647;
			files = (
			);
			runOnlyForDeploymentPostprocessing = 0;
		};
/* End PBXFrameworksBuildPhase section */

/* Begin PBXGroup section */
		FC0E29112A4222B6001834D4 = {
			isa = PBXGroup;
			children = (
				FC0E291C2A4222B6001834D4 /* GuessingNumberGame */,
				FC0E291B2A4222B6001834D4 /* Products */,
			);
			sourceTree = "<group>";
		};
		FC0E291B2A4222B6001834D4 /* Products */ = {
			isa = PBXGroup;
			children = (
				FC0E291A2A4222B6001834D4 /* GuessingNumberGame.app */,
			);
			name = Products;
			sourceTree = "<group>";
		};
		FC0E291C2A4222B6001834D4 /* GuessingNumberGame */ = {
			isa = PBXGroup;
			children = (
				FC0E29342A42238B001834D4 /* Controller */,
				FC0E29332A422376001834D4 /* Resources */,
				FC0E29282A4222B7001834D4 /* LaunchScreen.storyboard */,
				FC0E292B2A4222B7001834D4 /* Info.plist */,
			);
			path = GuessingNumberGame;
			sourceTree = "<group>";
		};
		FC0E29332A422376001834D4 /* Resources */ = {
			isa = PBXGroup;
			children = (
				FC0E293A2A433E5F001834D4 /* CustomImageView.swift */,
				FC0E293C2A4347A7001834D4 /* CustomButton.swift */,
				FC0E29352A42CD68001834D4 /* Extensions.swift */,
				FC0E29372A433B14001834D4 /* Label.swift */,
				FC0E29262A4222B7001834D4 /* Assets.xcassets */,
				FC0E291F2A4222B6001834D4 /* SceneDelegate.swift */,
				FC0E291D2A4222B6001834D4 /* AppDelegate.swift */,
				FC0E29402A4452DD001834D4 /* CustomTextField.swift */,
				FC0E29442A445ECB001834D4 /* NumberGenerator.swift */,
			);
			path = Resources;
			sourceTree = "<group>";
		};
		FC0E29342A42238B001834D4 /* Controller */ = {
			isa = PBXGroup;
			children = (
				FC0E29212A4222B6001834D4 /* LaunchScreenViewController.swift */,
				FC0E29482A4479ED001834D4 /* Screen5ViewController.swift */,
				FC0E293E2A44510F001834D4 /* Screen2ViewController.swift */,
				FC0E29462A446C21001834D4 /* Screen4ViewController.swift */,
				FC0E294A2A447A01001834D4 /* Screen3ViewController.swift */,
			);
			path = Controller;
			sourceTree = "<group>";
		};
/* End PBXGroup section */

/* Begin PBXNativeTarget section */
		FC0E29192A4222B6001834D4 /* GuessingNumberGame */ = {
			isa = PBXNativeTarget;
			buildConfigurationList = FC0E292E2A4222B7001834D4 /* Build configuration list for PBXNativeTarget "GuessingNumberGame" */;
			buildPhases = (
				FC0E29162A4222B6001834D4 /* Sources */,
				FC0E29172A4222B6001834D4 /* Frameworks */,
				FC0E29182A4222B6001834D4 /* Resources */,
			);
			buildRules = (
			);
			dependencies = (
			);
			name = GuessingNumberGame;
			productName = GuessingNumberGame;
			productReference = FC0E291A2A4222B6001834D4 /* GuessingNumberGame.app */;
			productType = "com.apple.product-type.application";
		};
/* End PBXNativeTarget section */

/* Begin PBXProject section */
		FC0E29122A4222B6001834D4 /* Project object */ = {
			isa = PBXProject;
			attributes = {
				BuildIndependentTargetsInParallel = 1;
				LastSwiftUpdateCheck = 1430;
				LastUpgradeCheck = 1430;
				TargetAttributes = {
					FC0E29192A4222B6001834D4 = {
						CreatedOnToolsVersion = 14.3.1;
					};
				};
			};
			buildConfigurationList = FC0E29152A4222B6001834D4 /* Build configuration list for PBXProject "GuessingNumberGame" */;
			compatibilityVersion = "Xcode 14.0";
			developmentRegion = en;
			hasScannedForEncodings = 0;
			knownRegions = (
				en,
				Base,
			);
			mainGroup = FC0E29112A4222B6001834D4;
			productRefGroup = FC0E291B2A4222B6001834D4 /* Products */;
			projectDirPath = "";
			projectRoot = "";
			targets = (
				FC0E29192A4222B6001834D4 /* GuessingNumberGame */,
			);
		};
/* End PBXProject section */

/* Begin PBXResourcesBuildPhase section */
		FC0E29182A4222B6001834D4 /* Resources */ = {
			isa = PBXResourcesBuildPhase;
			buildActionMask = 2147483647;
			files = (
				FC0E292A2A4222B7001834D4 /* LaunchScreen.storyboard in Resources */,
				FC0E29272A4222B7001834D4 /* Assets.xcassets in Resources */,
			);
			runOnlyForDeploymentPostprocessing = 0;
		};
/* End PBXResourcesBuildPhase section */

/* Begin PBXSourcesBuildPhase section */
		FC0E29162A4222B6001834D4 /* Sources */ = {
			isa = PBXSourcesBuildPhase;
			buildActionMask = 2147483647;
			files = (
				FC0E29472A446C21001834D4 /* Screen4ViewController.swift in Sources */,
				FC0E29222A4222B6001834D4 /* LaunchScreenViewController.swift in Sources */,
				FC0E294B2A447A01001834D4 /* Screen3ViewController.swift in Sources */,
				FC0E29452A445ECB001834D4 /* NumberGenerator.swift in Sources */,
				FC0E291E2A4222B6001834D4 /* AppDelegate.swift in Sources */,
				FC0E29202A4222B6001834D4 /* SceneDelegate.swift in Sources */,
				FC0E293B2A433E5F001834D4 /* CustomImageView.swift in Sources */,
				FC0E293D2A4347A7001834D4 /* CustomButton.swift in Sources */,
				FC0E29382A433B14001834D4 /* Label.swift in Sources */,
				FC0E29362A42CD68001834D4 /* Extensions.swift in Sources */,
				FC0E293F2A44510F001834D4 /* Screen2ViewController.swift in Sources */,
				FC0E29492A4479ED001834D4 /* Screen5ViewController.swift in Sources */,
				FC0E29412A4452DD001834D4 /* CustomTextField.swift in Sources */,
			);
			runOnlyForDeploymentPostprocessing = 0;
		};
/* End PBXSourcesBuildPhase section */

/* Begin PBXVariantGroup section */
		FC0E29282A4222B7001834D4 /* LaunchScreen.storyboard */ = {
			isa = PBXVariantGroup;
			children = (
				FC0E29292A4222B7001834D4 /* Base */,
			);
			name = LaunchScreen.storyboard;
			sourceTree = "<group>";
		};
/* End PBXVariantGroup section */

/* Begin XCBuildConfiguration section */
		FC0E292C2A4222B7001834D4 /* Debug */ = {
			isa = XCBuildConfiguration;
			buildSettings = {
				ALWAYS_SEARCH_USER_PATHS = NO;
				CLANG_ANALYZER_NONNULL = YES;
				CLANG_ANALYZER_NUMBER_OBJECT_CONVERSION = YES_AGGRESSIVE;
				CLANG_CXX_LANGUAGE_STANDARD = "gnu++20";
				CLANG_ENABLE_MODULES = YES;
				CLANG_ENABLE_OBJC_ARC = YES;
				CLANG_ENABLE_OBJC_WEAK = YES;
				CLANG_WARN_BLOCK_CAPTURE_AUTORELEASING = YES;
				CLANG_WARN_BOOL_CONVERSION = YES;
				CLANG_WARN_COMMA = YES;
				CLANG_WARN_CONSTANT_CONVERSION = YES;
				CLANG_WARN_DEPRECATED_OBJC_IMPLEMENTATIONS = YES;
				CLANG_WARN_DIRECT_OBJC_ISA_USAGE = YES_ERROR;
				CLANG_WARN_DOCUMENTATION_COMMENTS = YES;
				CLANG_WARN_EMPTY_BODY = YES;
				CLANG_WARN_ENUM_CONVERSION = YES;
				CLANG_WARN_INFINITE_RECURSION = YES;
				CLANG_WARN_INT_CONVERSION = YES;
				CLANG_WARN_NON_LITERAL_NULL_CONVERSION = YES;
				CLANG_WARN_OBJC_IMPLICIT_RETAIN_SELF = YES;
				CLANG_WARN_OBJC_LITERAL_CONVERSION = YES;
				CLANG_WARN_OBJC_ROOT_CLASS = YES_ERROR;
				CLANG_WARN_QUOTED_INCLUDE_IN_FRAMEWORK_HEADER = YES;
				CLANG_WARN_RANGE_LOOP_ANALYSIS = YES;
				CLANG_WARN_STRICT_PROTOTYPES = YES;
				CLANG_WARN_SUSPICIOUS_MOVE = YES;
				CLANG_WARN_UNGUARDED_AVAILABILITY = YES_AGGRESSIVE;
				CLANG_WARN_UNREACHABLE_CODE = YES;
				CLANG_WARN__DUPLICATE_METHOD_MATCH = YES;
				COPY_PHASE_STRIP = NO;
				DEBUG_INFORMATION_FORMAT = dwarf;
				ENABLE_STRICT_OBJC_MSGSEND = YES;
				ENABLE_TESTABILITY = YES;
				GCC_C_LANGUAGE_STANDARD = gnu11;
				GCC_DYNAMIC_NO_PIC = NO;
				GCC_NO_COMMON_BLOCKS = YES;
				GCC_OPTIMIZATION_LEVEL = 0;
				GCC_PREPROCESSOR_DEFINITIONS = (
					"DEBUG=1",
					"$(inherited)",
				);
				GCC_WARN_64_TO_32_BIT_CONVERSION = YES;
				GCC_WARN_ABOUT_RETURN_TYPE = YES_ERROR;
				GCC_WARN_UNDECLARED_SELECTOR = YES;
				GCC_WARN_UNINITIALIZED_AUTOS = YES_AGGRESSIVE;
				GCC_WARN_UNUSED_FUNCTION = YES;
				GCC_WARN_UNUSED_VARIABLE = YES;
				IPHONEOS_DEPLOYMENT_TARGET = 16.4;
				MTL_ENABLE_DEBUG_INFO = INCLUDE_SOURCE;
				MTL_FAST_MATH = YES;
				ONLY_ACTIVE_ARCH = YES;
				SDKROOT = iphoneos;
				SWIFT_ACTIVE_COMPILATION_CONDITIONS = DEBUG;
				SWIFT_OPTIMIZATION_LEVEL = "-Onone";
			};
			name = Debug;
		};
		FC0E292D2A4222B7001834D4 /* Release */ = {
			isa = XCBuildConfiguration;
			buildSettings = {
				ALWAYS_SEARCH_USER_PATHS = NO;
				CLANG_ANALYZER_NONNULL = YES;
				CLANG_ANALYZER_NUMBER_OBJECT_CONVERSION = YES_AGGRESSIVE;
				CLANG_CXX_LANGUAGE_STANDARD = "gnu++20";
				CLANG_ENABLE_MODULES = YES;
				CLANG_ENABLE_OBJC_ARC = YES;
				CLANG_ENABLE_OBJC_WEAK = YES;
				CLANG_WARN_BLOCK_CAPTURE_AUTORELEASING = YES;
				CLANG_WARN_BOOL_CONVERSION = YES;
				CLANG_WARN_COMMA = YES;
				CLANG_WARN_CONSTANT_CONVERSION = YES;
				CLANG_WARN_DEPRECATED_OBJC_IMPLEMENTATIONS = YES;
				CLANG_WARN_DIRECT_OBJC_ISA_USAGE = YES_ERROR;
				CLANG_WARN_DOCUMENTATION_COMMENTS = YES;
				CLANG_WARN_EMPTY_BODY = YES;
				CLANG_WARN_ENUM_CONVERSION = YES;
				CLANG_WARN_INFINITE_RECURSION = YES;
				CLANG_WARN_INT_CONVERSION = YES;
				CLANG_WARN_NON_LITERAL_NULL_CONVERSION = YES;
				CLANG_WARN_OBJC_IMPLICIT_RETAIN_SELF = YES;
				CLANG_WARN_OBJC_LITERAL_CONVERSION = YES;
				CLANG_WARN_OBJC_ROOT_CLASS = YES_ERROR;
				CLANG_WARN_QUOTED_INCLUDE_IN_FRAMEWORK_HEADER = YES;
				CLANG_WARN_RANGE_LOOP_ANALYSIS = YES;
				CLANG_WARN_STRICT_PROTOTYPES = YES;
				CLANG_WARN_SUSPICIOUS_MOVE = YES;
				CLANG_WARN_UNGUARDED_AVAILABILITY = YES_AGGRESSIVE;
				CLANG_WARN_UNREACHABLE_CODE = YES;
				CLANG_WARN__DUPLICATE_METHOD_MATCH = YES;
				COPY_PHASE_STRIP = NO;
				DEBUG_INFORMATION_FORMAT = "dwarf-with-dsym";
				ENABLE_NS_ASSERTIONS = NO;
				ENABLE_STRICT_OBJC_MSGSEND = YES;
				GCC_C_LANGUAGE_STANDARD = gnu11;
				GCC_NO_COMMON_BLOCKS = YES;
				GCC_WARN_64_TO_32_BIT_CONVERSION = YES;
				GCC_WARN_ABOUT_RETURN_TYPE = YES_ERROR;
				GCC_WARN_UNDECLARED_SELECTOR = YES;
				GCC_WARN_UNINITIALIZED_AUTOS = YES_AGGRESSIVE;
				GCC_WARN_UNUSED_FUNCTION = YES;
				GCC_WARN_UNUSED_VARIABLE = YES;
				IPHONEOS_DEPLOYMENT_TARGET = 16.4;
				MTL_ENABLE_DEBUG_INFO = NO;
				MTL_FAST_MATH = YES;
				SDKROOT = iphoneos;
				SWIFT_COMPILATION_MODE = wholemodule;
				SWIFT_OPTIMIZATION_LEVEL = "-O";
				VALIDATE_PRODUCT = YES;
			};
			name = Release;
		};
		FC0E292F2A4222B7001834D4 /* Debug */ = {
			isa = XCBuildConfiguration;
			buildSettings = {
				ASSETCATALOG_COMPILER_APPICON_NAME = AppIcon;
				ASSETCATALOG_COMPILER_GLOBAL_ACCENT_COLOR_NAME = AccentColor;
				CODE_SIGN_STYLE = Automatic;
				CURRENT_PROJECT_VERSION = 1;
				DEVELOPMENT_TEAM = GQ9G828ZA2;
				GENERATE_INFOPLIST_FILE = YES;
				INFOPLIST_FILE = GuessingNumberGame/Info.plist;
				INFOPLIST_KEY_UIApplicationSupportsIndirectInputEvents = YES;
				INFOPLIST_KEY_UILaunchStoryboardName = LaunchScreen;
				INFOPLIST_KEY_UISupportedInterfaceOrientations_iPad = "UIInterfaceOrientationPortrait UIInterfaceOrientationPortraitUpsideDown UIInterfaceOrientationLandscapeLeft UIInterfaceOrientationLandscapeRight";
				INFOPLIST_KEY_UISupportedInterfaceOrientations_iPhone = "UIInterfaceOrientationPortrait UIInterfaceOrientationLandscapeLeft UIInterfaceOrientationLandscapeRight";
				LD_RUNPATH_SEARCH_PATHS = (
					"$(inherited)",
					"@executable_path/Frameworks",
				);
				MARKETING_VERSION = 1.0;
				PRODUCT_BUNDLE_IDENTIFIER = com.elifilaykandemir.GuessingNumberGame;
				PRODUCT_NAME = "$(TARGET_NAME)";
				SWIFT_EMIT_LOC_STRINGS = YES;
				SWIFT_VERSION = 5.0;
				TARGETED_DEVICE_FAMILY = "1,2";
			};
			name = Debug;
		};
		FC0E29302A4222B7001834D4 /* Release */ = {
			isa = XCBuildConfiguration;
			buildSettings = {
				ASSETCATALOG_COMPILER_APPICON_NAME = AppIcon;
				ASSETCATALOG_COMPILER_GLOBAL_ACCENT_COLOR_NAME = AccentColor;
				CODE_SIGN_STYLE = Automatic;
				CURRENT_PROJECT_VERSION = 1;
				DEVELOPMENT_TEAM = GQ9G828ZA2;
				GENERATE_INFOPLIST_FILE = YES;
				INFOPLIST_FILE = GuessingNumberGame/Info.plist;
				INFOPLIST_KEY_UIApplicationSupportsIndirectInputEvents = YES;
				INFOPLIST_KEY_UILaunchStoryboardName = LaunchScreen;
				INFOPLIST_KEY_UISupportedInterfaceOrientations_iPad = "UIInterfaceOrientationPortrait UIInterfaceOrientationPortraitUpsideDown UIInterfaceOrientationLandscapeLeft UIInterfaceOrientationLandscapeRight";
				INFOPLIST_KEY_UISupportedInterfaceOrientations_iPhone = "UIInterfaceOrientationPortrait UIInterfaceOrientationLandscapeLeft UIInterfaceOrientationLandscapeRight";
				LD_RUNPATH_SEARCH_PATHS = (
					"$(inherited)",
					"@executable_path/Frameworks",
				);
				MARKETING_VERSION = 1.0;
				PRODUCT_BUNDLE_IDENTIFIER = com.elifilaykandemir.GuessingNumberGame;
				PRODUCT_NAME = "$(TARGET_NAME)";
				SWIFT_EMIT_LOC_STRINGS = YES;
				SWIFT_VERSION = 5.0;
				TARGETED_DEVICE_FAMILY = "1,2";
			};
			name = Release;
		};
/* End XCBuildConfiguration section */

/* Begin XCConfigurationList section */
		FC0E29152A4222B6001834D4 /* Build configuration list for PBXProject "GuessingNumberGame" */ = {
			isa = XCConfigurationList;
			buildConfigurations = (
				FC0E292C2A4222B7001834D4 /* Debug */,
				FC0E292D2A4222B7001834D4 /* Release */,
			);
			defaultConfigurationIsVisible = 0;
			defaultConfigurationName = Release;
		};
		FC0E292E2A4222B7001834D4 /* Build configuration list for PBXNativeTarget "GuessingNumberGame" */ = {
			isa = XCConfigurationList;
			buildConfigurations = (
				FC0E292F2A4222B7001834D4 /* Debug */,
				FC0E29302A4222B7001834D4 /* Release */,
			);
			defaultConfigurationIsVisible = 0;
			defaultConfigurationName = Release;
		};
/* End XCConfigurationList section */
	};
	rootObject = FC0E29122A4222B6001834D4 /* Project object */;
}
